// !$*UTF8*$!
{
	archiveVersion = 1;
	classes = {
	};
	objectVersion = 50;
	objects = {

/* Begin PBXBuildFile section */
		761BA8DF24435558001A58A5 /* DetailCell.swift in Sources */ = {isa = PBXBuildFile; fileRef = 761BA8DA24435557001A58A5 /* DetailCell.swift */; };
		761BA8E024435558001A58A5 /* DetailNumberedCell.swift in Sources */ = {isa = PBXBuildFile; fileRef = 761BA8DB24435557001A58A5 /* DetailNumberedCell.swift */; };
		761BA8E124435558001A58A5 /* DetailVC.swift in Sources */ = {isa = PBXBuildFile; fileRef = 761BA8DC24435558001A58A5 /* DetailVC.swift */; };
		761BA8E224435558001A58A5 /* DetailHeaderCell.swift in Sources */ = {isa = PBXBuildFile; fileRef = 761BA8DD24435558001A58A5 /* DetailHeaderCell.swift */; };
		761BA8E724435C0C001A58A5 /* ProfileViewController.swift in Sources */ = {isa = PBXBuildFile; fileRef = 761BA8E624435C0C001A58A5 /* ProfileViewController.swift */; };
		761BA8EA24435C40001A58A5 /* DuringMeditationViewController.swift in Sources */ = {isa = PBXBuildFile; fileRef = 761BA8E924435C40001A58A5 /* DuringMeditationViewController.swift */; };
		761BA8EC24435C4E001A58A5 /* StoppedMeditationViewController.swift in Sources */ = {isa = PBXBuildFile; fileRef = 761BA8EB24435C4E001A58A5 /* StoppedMeditationViewController.swift */; };
		761BA8F024435C83001A58A5 /* ProgressCell.swift in Sources */ = {isa = PBXBuildFile; fileRef = 761BA8EE24435C83001A58A5 /* ProgressCell.swift */; };
		761BA8F324435E31001A58A5 /* ViewController.swift in Sources */ = {isa = PBXBuildFile; fileRef = 761BA8F224435E31001A58A5 /* ViewController.swift */; };
		761BA8F624441795001A58A5 /* NewDetailViewController.swift in Sources */ = {isa = PBXBuildFile; fileRef = 761BA8F524441795001A58A5 /* NewDetailViewController.swift */; };
		761BA8F824441F34001A58A5 /* DetailTableViewCell.swift in Sources */ = {isa = PBXBuildFile; fileRef = 761BA8F724441F34001A58A5 /* DetailTableViewCell.swift */; };
		761BA8FC2444301C001A58A5 /* meditation-1.mp3 in Resources */ = {isa = PBXBuildFile; fileRef = 761BA8FB2444301C001A58A5 /* meditation-1.mp3 */; };
		764BE70A243C70F100C76E42 /* AppDelegate.swift in Sources */ = {isa = PBXBuildFile; fileRef = 764BE709243C70F100C76E42 /* AppDelegate.swift */; };
		764BE70C243C70F100C76E42 /* SceneDelegate.swift in Sources */ = {isa = PBXBuildFile; fileRef = 764BE70B243C70F100C76E42 /* SceneDelegate.swift */; };
		764BE70E243C70F100C76E42 /* MainVC.swift in Sources */ = {isa = PBXBuildFile; fileRef = 764BE70D243C70F100C76E42 /* MainVC.swift */; };
		764BE711243C70F100C76E42 /* Main.storyboard in Resources */ = {isa = PBXBuildFile; fileRef = 764BE70F243C70F100C76E42 /* Main.storyboard */; };
		764BE714243C70F100C76E42 /* Zensei.xcdatamodeld in Sources */ = {isa = PBXBuildFile; fileRef = 764BE712243C70F100C76E42 /* Zensei.xcdatamodeld */; };
		764BE716243C70F200C76E42 /* Assets.xcassets in Resources */ = {isa = PBXBuildFile; fileRef = 764BE715243C70F200C76E42 /* Assets.xcassets */; };
		764BE719243C70F200C76E42 /* LaunchScreen.storyboard in Resources */ = {isa = PBXBuildFile; fileRef = 764BE717243C70F200C76E42 /* LaunchScreen.storyboard */; };
		76F23BFC24431C3700196BBE /* Structs.swift in Sources */ = {isa = PBXBuildFile; fileRef = 76F23BFB24431C3700196BBE /* Structs.swift */; };
		76F23BFE2443208400196BBE /* Extension.swift in Sources */ = {isa = PBXBuildFile; fileRef = 76F23BFD2443208400196BBE /* Extension.swift */; };
		76F23C042443214800196BBE /* MeditationTVCell.swift in Sources */ = {isa = PBXBuildFile; fileRef = 76F23C032443214800196BBE /* MeditationTVCell.swift */; };
		76F23C062443216400196BBE /* MeditationCVCell.swift in Sources */ = {isa = PBXBuildFile; fileRef = 76F23C052443216400196BBE /* MeditationCVCell.swift */; };
		76F23C082443217900196BBE /* RecomendedCVCell.swift in Sources */ = {isa = PBXBuildFile; fileRef = 76F23C072443217900196BBE /* RecomendedCVCell.swift */; };
		76F23C0A2443219100196BBE /* RecomendedTVCell.swift in Sources */ = {isa = PBXBuildFile; fileRef = 76F23C092443219100196BBE /* RecomendedTVCell.swift */; };
		76F23C0C244321A100196BBE /* SoundTVCell.swift in Sources */ = {isa = PBXBuildFile; fileRef = 76F23C0B244321A100196BBE /* SoundTVCell.swift */; };
		76F23C0E244321C700196BBE /* SoundCVCell.swift in Sources */ = {isa = PBXBuildFile; fileRef = 76F23C0D244321C700196BBE /* SoundCVCell.swift */; };
		76F23C102443251C00196BBE /* Function.swift in Sources */ = {isa = PBXBuildFile; fileRef = 76F23C0F2443251C00196BBE /* Function.swift */; };
		76F23C12244336B000196BBE /* MenuData.swift in Sources */ = {isa = PBXBuildFile; fileRef = 76F23C11244336B000196BBE /* MenuData.swift */; };
		CB06A68E244466AD00EE2843 /* SoundViewController.swift in Sources */ = {isa = PBXBuildFile; fileRef = CB06A68D244466AD00EE2843 /* SoundViewController.swift */; };
/* End PBXBuildFile section */

/* Begin PBXFileReference section */
		761BA8DA24435557001A58A5 /* DetailCell.swift */ = {isa = PBXFileReference; fileEncoding = 4; lastKnownFileType = sourcecode.swift; path = DetailCell.swift; sourceTree = "<group>"; };
		761BA8DB24435557001A58A5 /* DetailNumberedCell.swift */ = {isa = PBXFileReference; fileEncoding = 4; lastKnownFileType = sourcecode.swift; path = DetailNumberedCell.swift; sourceTree = "<group>"; };
		761BA8DC24435558001A58A5 /* DetailVC.swift */ = {isa = PBXFileReference; fileEncoding = 4; lastKnownFileType = sourcecode.swift; path = DetailVC.swift; sourceTree = "<group>"; };
		761BA8DD24435558001A58A5 /* DetailHeaderCell.swift */ = {isa = PBXFileReference; fileEncoding = 4; lastKnownFileType = sourcecode.swift; path = DetailHeaderCell.swift; sourceTree = "<group>"; };
		761BA8E624435C0C001A58A5 /* ProfileViewController.swift */ = {isa = PBXFileReference; fileEncoding = 4; lastKnownFileType = sourcecode.swift; path = ProfileViewController.swift; sourceTree = "<group>"; };
		761BA8E924435C40001A58A5 /* DuringMeditationViewController.swift */ = {isa = PBXFileReference; fileEncoding = 4; lastKnownFileType = sourcecode.swift; path = DuringMeditationViewController.swift; sourceTree = "<group>"; };
		761BA8EB24435C4E001A58A5 /* StoppedMeditationViewController.swift */ = {isa = PBXFileReference; fileEncoding = 4; lastKnownFileType = sourcecode.swift; path = StoppedMeditationViewController.swift; sourceTree = "<group>"; };
		761BA8EE24435C83001A58A5 /* ProgressCell.swift */ = {isa = PBXFileReference; fileEncoding = 4; lastKnownFileType = sourcecode.swift; path = ProgressCell.swift; sourceTree = "<group>"; };
		761BA8F224435E31001A58A5 /* ViewController.swift */ = {isa = PBXFileReference; fileEncoding = 4; lastKnownFileType = sourcecode.swift; path = ViewController.swift; sourceTree = "<group>"; };
		761BA8F524441795001A58A5 /* NewDetailViewController.swift */ = {isa = PBXFileReference; lastKnownFileType = sourcecode.swift; path = NewDetailViewController.swift; sourceTree = "<group>"; };
		761BA8F724441F34001A58A5 /* DetailTableViewCell.swift */ = {isa = PBXFileReference; lastKnownFileType = sourcecode.swift; path = DetailTableViewCell.swift; sourceTree = "<group>"; };
		761BA8FB2444301C001A58A5 /* meditation-1.mp3 */ = {isa = PBXFileReference; lastKnownFileType = audio.mp3; path = "meditation-1.mp3"; sourceTree = "<group>"; };
		764BE706243C70F100C76E42 /* Zensei.app */ = {isa = PBXFileReference; explicitFileType = wrapper.application; includeInIndex = 0; path = Zensei.app; sourceTree = BUILT_PRODUCTS_DIR; };
		764BE709243C70F100C76E42 /* AppDelegate.swift */ = {isa = PBXFileReference; lastKnownFileType = sourcecode.swift; path = AppDelegate.swift; sourceTree = "<group>"; };
		764BE70B243C70F100C76E42 /* SceneDelegate.swift */ = {isa = PBXFileReference; lastKnownFileType = sourcecode.swift; path = SceneDelegate.swift; sourceTree = "<group>"; };
		764BE70D243C70F100C76E42 /* MainVC.swift */ = {isa = PBXFileReference; lastKnownFileType = sourcecode.swift; path = MainVC.swift; sourceTree = "<group>"; };
		764BE710243C70F100C76E42 /* Base */ = {isa = PBXFileReference; lastKnownFileType = file.storyboard; name = Base; path = Base.lproj/Main.storyboard; sourceTree = "<group>"; };
		764BE713243C70F100C76E42 /* Zensei.xcdatamodel */ = {isa = PBXFileReference; lastKnownFileType = wrapper.xcdatamodel; path = Zensei.xcdatamodel; sourceTree = "<group>"; };
		764BE715243C70F200C76E42 /* Assets.xcassets */ = {isa = PBXFileReference; lastKnownFileType = folder.assetcatalog; path = Assets.xcassets; sourceTree = "<group>"; };
		764BE718243C70F200C76E42 /* Base */ = {isa = PBXFileReference; lastKnownFileType = file.storyboard; name = Base; path = Base.lproj/LaunchScreen.storyboard; sourceTree = "<group>"; };
		764BE71A243C70F200C76E42 /* Info.plist */ = {isa = PBXFileReference; lastKnownFileType = text.plist.xml; path = Info.plist; sourceTree = "<group>"; };
		76F23BFB24431C3700196BBE /* Structs.swift */ = {isa = PBXFileReference; lastKnownFileType = sourcecode.swift; path = Structs.swift; sourceTree = "<group>"; };
		76F23BFD2443208400196BBE /* Extension.swift */ = {isa = PBXFileReference; lastKnownFileType = sourcecode.swift; path = Extension.swift; sourceTree = "<group>"; };
		76F23C032443214800196BBE /* MeditationTVCell.swift */ = {isa = PBXFileReference; lastKnownFileType = sourcecode.swift; path = MeditationTVCell.swift; sourceTree = "<group>"; };
		76F23C052443216400196BBE /* MeditationCVCell.swift */ = {isa = PBXFileReference; lastKnownFileType = sourcecode.swift; path = MeditationCVCell.swift; sourceTree = "<group>"; };
		76F23C072443217900196BBE /* RecomendedCVCell.swift */ = {isa = PBXFileReference; lastKnownFileType = sourcecode.swift; path = RecomendedCVCell.swift; sourceTree = "<group>"; };
		76F23C092443219100196BBE /* RecomendedTVCell.swift */ = {isa = PBXFileReference; lastKnownFileType = sourcecode.swift; path = RecomendedTVCell.swift; sourceTree = "<group>"; };
		76F23C0B244321A100196BBE /* SoundTVCell.swift */ = {isa = PBXFileReference; lastKnownFileType = sourcecode.swift; path = SoundTVCell.swift; sourceTree = "<group>"; };
		76F23C0D244321C700196BBE /* SoundCVCell.swift */ = {isa = PBXFileReference; lastKnownFileType = sourcecode.swift; path = SoundCVCell.swift; sourceTree = "<group>"; };
		76F23C0F2443251C00196BBE /* Function.swift */ = {isa = PBXFileReference; lastKnownFileType = sourcecode.swift; path = Function.swift; sourceTree = "<group>"; };
		76F23C11244336B000196BBE /* MenuData.swift */ = {isa = PBXFileReference; lastKnownFileType = sourcecode.swift; path = MenuData.swift; sourceTree = "<group>"; };
		CB06A68D244466AD00EE2843 /* SoundViewController.swift */ = {isa = PBXFileReference; fileEncoding = 4; lastKnownFileType = sourcecode.swift; path = SoundViewController.swift; sourceTree = "<group>"; };
/* End PBXFileReference section */

/* Begin PBXFrameworksBuildPhase section */
		764BE703243C70F100C76E42 /* Frameworks */ = {
			isa = PBXFrameworksBuildPhase;
			buildActionMask = 2147483647;
			files = (
			);
			runOnlyForDeploymentPostprocessing = 0;
		};
/* End PBXFrameworksBuildPhase section */

/* Begin PBXGroup section */
		761BA8D824435533001A58A5 /* AppUtil */ = {
			isa = PBXGroup;
			children = (
				76F23BFB24431C3700196BBE /* Structs.swift */,
				76F23BFD2443208400196BBE /* Extension.swift */,
				76F23C0F2443251C00196BBE /* Function.swift */,
			);
			path = AppUtil;
			sourceTree = "<group>";
		};
		761BA8D92443554D001A58A5 /* Detail */ = {
			isa = PBXGroup;
			children = (
				761BA8DA24435557001A58A5 /* DetailCell.swift */,
				761BA8DD24435558001A58A5 /* DetailHeaderCell.swift */,
				761BA8DB24435557001A58A5 /* DetailNumberedCell.swift */,
				761BA8DC24435558001A58A5 /* DetailVC.swift */,
			);
			path = Detail;
			sourceTree = "<group>";
		};
		761BA8E424435BE7001A58A5 /* Profile */ = {
			isa = PBXGroup;
			children = (
				761BA8EE24435C83001A58A5 /* ProgressCell.swift */,
				761BA8E624435C0C001A58A5 /* ProfileViewController.swift */,
			);
			path = Profile;
			sourceTree = "<group>";
		};
		761BA8E824435C20001A58A5 /* MeditationProcess */ = {
			isa = PBXGroup;
			children = (
				761BA8EB24435C4E001A58A5 /* StoppedMeditationViewController.swift */,
				761BA8E924435C40001A58A5 /* DuringMeditationViewController.swift */,
			);
			path = MeditationProcess;
			sourceTree = "<group>";
		};
		761BA8F124435DD1001A58A5 /* Wizard */ = {
			isa = PBXGroup;
			children = (
				761BA8F224435E31001A58A5 /* ViewController.swift */,
			);
			path = Wizard;
			sourceTree = "<group>";
		};
		761BA8F424441770001A58A5 /* NewDetail */ = {
			isa = PBXGroup;
			children = (
				761BA8F524441795001A58A5 /* NewDetailViewController.swift */,
				761BA8F724441F34001A58A5 /* DetailTableViewCell.swift */,
			);
			path = NewDetail;
			sourceTree = "<group>";
		};
		761BA8F924442FBF001A58A5 /* Sound */ = {
			isa = PBXGroup;
			children = (
				CB06A68D244466AD00EE2843 /* SoundViewController.swift */,
			);
			path = Sound;
			sourceTree = "<group>";
		};
		761BA8FA24442FCD001A58A5 /* Resources */ = {
			isa = PBXGroup;
			children = (
				761BA8FB2444301C001A58A5 /* meditation-1.mp3 */,
			);
			path = Resources;
			sourceTree = "<group>";
		};
		764BE6FD243C70F000C76E42 = {
			isa = PBXGroup;
			children = (
				764BE708243C70F100C76E42 /* Zensei */,
				764BE707243C70F100C76E42 /* Products */,
			);
			sourceTree = "<group>";
		};
		764BE707243C70F100C76E42 /* Products */ = {
			isa = PBXGroup;
			children = (
				764BE706243C70F100C76E42 /* Zensei.app */,
			);
			name = Products;
			sourceTree = "<group>";
		};
		764BE708243C70F100C76E42 /* Zensei */ = {
			isa = PBXGroup;
			children = (
				761BA8FA24442FCD001A58A5 /* Resources */,
				761BA8F924442FBF001A58A5 /* Sound */,
				761BA8F424441770001A58A5 /* NewDetail */,
				761BA8F124435DD1001A58A5 /* Wizard */,
				761BA8E824435C20001A58A5 /* MeditationProcess */,
				761BA8E424435BE7001A58A5 /* Profile */,
				761BA8D92443554D001A58A5 /* Detail */,
				761BA8D824435533001A58A5 /* AppUtil */,
				76F23BFF2443211200196BBE /* Home */,
				764BE709243C70F100C76E42 /* AppDelegate.swift */,
				764BE70B243C70F100C76E42 /* SceneDelegate.swift */,
				764BE70F243C70F100C76E42 /* Main.storyboard */,
				764BE717243C70F200C76E42 /* LaunchScreen.storyboard */,
				764BE715243C70F200C76E42 /* Assets.xcassets */,
				764BE71A243C70F200C76E42 /* Info.plist */,
				764BE712243C70F100C76E42 /* Zensei.xcdatamodeld */,
			);
			path = Zensei;
			sourceTree = "<group>";
		};
		76F23BFF2443211200196BBE /* Home */ = {
			isa = PBXGroup;
			children = (
				764BE70D243C70F100C76E42 /* MainVC.swift */,
				76F23C022443212E00196BBE /* Sound */,
				76F23C012443212100196BBE /* Recomended */,
				76F23C002443211800196BBE /* Meditation */,
				76F23C11244336B000196BBE /* MenuData.swift */,
			);
			path = Home;
			sourceTree = "<group>";
		};
		76F23C002443211800196BBE /* Meditation */ = {
			isa = PBXGroup;
			children = (
				76F23C032443214800196BBE /* MeditationTVCell.swift */,
				76F23C052443216400196BBE /* MeditationCVCell.swift */,
			);
			path = Meditation;
			sourceTree = "<group>";
		};
		76F23C012443212100196BBE /* Recomended */ = {
			isa = PBXGroup;
			children = (
				76F23C092443219100196BBE /* RecomendedTVCell.swift */,
				76F23C072443217900196BBE /* RecomendedCVCell.swift */,
			);
			path = Recomended;
			sourceTree = "<group>";
		};
		76F23C022443212E00196BBE /* Sound */ = {
			isa = PBXGroup;
			children = (
				76F23C0B244321A100196BBE /* SoundTVCell.swift */,
				76F23C0D244321C700196BBE /* SoundCVCell.swift */,
			);
			path = Sound;
			sourceTree = "<group>";
		};
/* End PBXGroup section */

/* Begin PBXNativeTarget section */
		764BE705243C70F100C76E42 /* Zensei */ = {
			isa = PBXNativeTarget;
			buildConfigurationList = 764BE71D243C70F200C76E42 /* Build configuration list for PBXNativeTarget "Zensei" */;
			buildPhases = (
				764BE702243C70F100C76E42 /* Sources */,
				764BE703243C70F100C76E42 /* Frameworks */,
				764BE704243C70F100C76E42 /* Resources */,
			);
			buildRules = (
			);
			dependencies = (
			);
			name = Zensei;
			productName = Zensei;
			productReference = 764BE706243C70F100C76E42 /* Zensei.app */;
			productType = "com.apple.product-type.application";
		};
/* End PBXNativeTarget section */

/* Begin PBXProject section */
		764BE6FE243C70F000C76E42 /* Project object */ = {
			isa = PBXProject;
			attributes = {
				LastSwiftUpdateCheck = 1140;
				LastUpgradeCheck = 1140;
				ORGANIZATIONNAME = "Apple Developer Academy";
				TargetAttributes = {
					764BE705243C70F100C76E42 = {
						CreatedOnToolsVersion = 11.4;
					};
				};
			};
			buildConfigurationList = 764BE701243C70F000C76E42 /* Build configuration list for PBXProject "Zensei" */;
			compatibilityVersion = "Xcode 9.3";
			developmentRegion = en;
			hasScannedForEncodings = 0;
			knownRegions = (
				en,
				Base,
			);
			mainGroup = 764BE6FD243C70F000C76E42;
			productRefGroup = 764BE707243C70F100C76E42 /* Products */;
			projectDirPath = "";
			projectRoot = "";
			targets = (
				764BE705243C70F100C76E42 /* Zensei */,
			);
		};
/* End PBXProject section */

/* Begin PBXResourcesBuildPhase section */
		764BE704243C70F100C76E42 /* Resources */ = {
			isa = PBXResourcesBuildPhase;
			buildActionMask = 2147483647;
			files = (
				764BE719243C70F200C76E42 /* LaunchScreen.storyboard in Resources */,
				764BE716243C70F200C76E42 /* Assets.xcassets in Resources */,
				761BA8FC2444301C001A58A5 /* meditation-1.mp3 in Resources */,
				764BE711243C70F100C76E42 /* Main.storyboard in Resources */,
			);
			runOnlyForDeploymentPostprocessing = 0;
		};
/* End PBXResourcesBuildPhase section */

/* Begin PBXSourcesBuildPhase section */
		764BE702243C70F100C76E42 /* Sources */ = {
			isa = PBXSourcesBuildPhase;
			buildActionMask = 2147483647;
			files = (
				761BA8F324435E31001A58A5 /* ViewController.swift in Sources */,
				76F23C082443217900196BBE /* RecomendedCVCell.swift in Sources */,
				76F23C062443216400196BBE /* MeditationCVCell.swift in Sources */,
				761BA8E724435C0C001A58A5 /* ProfileViewController.swift in Sources */,
				761BA8F624441795001A58A5 /* NewDetailViewController.swift in Sources */,
				76F23C102443251C00196BBE /* Function.swift in Sources */,
				764BE70E243C70F100C76E42 /* MainVC.swift in Sources */,
				761BA8E124435558001A58A5 /* DetailVC.swift in Sources */,
				761BA8F824441F34001A58A5 /* DetailTableViewCell.swift in Sources */,
				76F23C0C244321A100196BBE /* SoundTVCell.swift in Sources */,
				CB06A68E244466AD00EE2843 /* SoundViewController.swift in Sources */,
				761BA8DF24435558001A58A5 /* DetailCell.swift in Sources */,
				764BE714243C70F100C76E42 /* Zensei.xcdatamodeld in Sources */,
				761BA8F024435C83001A58A5 /* ProgressCell.swift in Sources */,
				76F23BFC24431C3700196BBE /* Structs.swift in Sources */,
				761BA8E024435558001A58A5 /* DetailNumberedCell.swift in Sources */,
				76F23C12244336B000196BBE /* MenuData.swift in Sources */,
				76F23C0E244321C700196BBE /* SoundCVCell.swift in Sources */,
				76F23BFE2443208400196BBE /* Extension.swift in Sources */,
				764BE70A243C70F100C76E42 /* AppDelegate.swift in Sources */,
				76F23C0A2443219100196BBE /* RecomendedTVCell.swift in Sources */,
				764BE70C243C70F100C76E42 /* SceneDelegate.swift in Sources */,
				76F23C042443214800196BBE /* MeditationTVCell.swift in Sources */,
				761BA8E224435558001A58A5 /* DetailHeaderCell.swift in Sources */,
				761BA8EC24435C4E001A58A5 /* StoppedMeditationViewController.swift in Sources */,
				761BA8EA24435C40001A58A5 /* DuringMeditationViewController.swift in Sources */,
			);
			runOnlyForDeploymentPostprocessing = 0;
		};
/* End PBXSourcesBuildPhase section */

/* Begin PBXVariantGroup section */
		764BE70F243C70F100C76E42 /* Main.storyboard */ = {
			isa = PBXVariantGroup;
			children = (
				764BE710243C70F100C76E42 /* Base */,
			);
			name = Main.storyboard;
			sourceTree = "<group>";
		};
		764BE717243C70F200C76E42 /* LaunchScreen.storyboard */ = {
			isa = PBXVariantGroup;
			children = (
				764BE718243C70F200C76E42 /* Base */,
			);
			name = LaunchScreen.storyboard;
			sourceTree = "<group>";
		};
/* End PBXVariantGroup section */

/* Begin XCBuildConfiguration section */
		764BE71B243C70F200C76E42 /* Debug */ = {
			isa = XCBuildConfiguration;
			buildSettings = {
				ALWAYS_SEARCH_USER_PATHS = NO;
				CLANG_ANALYZER_NONNULL = YES;
				CLANG_ANALYZER_NUMBER_OBJECT_CONVERSION = YES_AGGRESSIVE;
				CLANG_CXX_LANGUAGE_STANDARD = "gnu++14";
				CLANG_CXX_LIBRARY = "libc++";
				CLANG_ENABLE_MODULES = YES;
				CLANG_ENABLE_OBJC_ARC = YES;
				CLANG_ENABLE_OBJC_WEAK = YES;
				CLANG_WARN_BLOCK_CAPTURE_AUTORELEASING = YES;
				CLANG_WARN_BOOL_CONVERSION = YES;
				CLANG_WARN_COMMA = YES;
				CLANG_WARN_CONSTANT_CONVERSION = YES;
				CLANG_WARN_DEPRECATED_OBJC_IMPLEMENTATIONS = YES;
				CLANG_WARN_DIRECT_OBJC_ISA_USAGE = YES_ERROR;
				CLANG_WARN_DOCUMENTATION_COMMENTS = YES;
				CLANG_WARN_EMPTY_BODY = YES;
				CLANG_WARN_ENUM_CONVERSION = YES;
				CLANG_WARN_INFINITE_RECURSION = YES;
				CLANG_WARN_INT_CONVERSION = YES;
				CLANG_WARN_NON_LITERAL_NULL_CONVERSION = YES;
				CLANG_WARN_OBJC_IMPLICIT_RETAIN_SELF = YES;
				CLANG_WARN_OBJC_LITERAL_CONVERSION = YES;
				CLANG_WARN_OBJC_ROOT_CLASS = YES_ERROR;
				CLANG_WARN_RANGE_LOOP_ANALYSIS = YES;
				CLANG_WARN_STRICT_PROTOTYPES = YES;
				CLANG_WARN_SUSPICIOUS_MOVE = YES;
				CLANG_WARN_UNGUARDED_AVAILABILITY = YES_AGGRESSIVE;
				CLANG_WARN_UNREACHABLE_CODE = YES;
				CLANG_WARN__DUPLICATE_METHOD_MATCH = YES;
				COPY_PHASE_STRIP = NO;
				DEBUG_INFORMATION_FORMAT = dwarf;
				ENABLE_STRICT_OBJC_MSGSEND = YES;
				ENABLE_TESTABILITY = YES;
				GCC_C_LANGUAGE_STANDARD = gnu11;
				GCC_DYNAMIC_NO_PIC = NO;
				GCC_NO_COMMON_BLOCKS = YES;
				GCC_OPTIMIZATION_LEVEL = 0;
				GCC_PREPROCESSOR_DEFINITIONS = (
					"DEBUG=1",
					"$(inherited)",
				);
				GCC_WARN_64_TO_32_BIT_CONVERSION = YES;
				GCC_WARN_ABOUT_RETURN_TYPE = YES_ERROR;
				GCC_WARN_UNDECLARED_SELECTOR = YES;
				GCC_WARN_UNINITIALIZED_AUTOS = YES_AGGRESSIVE;
				GCC_WARN_UNUSED_FUNCTION = YES;
				GCC_WARN_UNUSED_VARIABLE = YES;
				IPHONEOS_DEPLOYMENT_TARGET = 13.4;
				MTL_ENABLE_DEBUG_INFO = INCLUDE_SOURCE;
				MTL_FAST_MATH = YES;
				ONLY_ACTIVE_ARCH = YES;
				SDKROOT = iphoneos;
				SWIFT_ACTIVE_COMPILATION_CONDITIONS = DEBUG;
				SWIFT_OPTIMIZATION_LEVEL = "-Onone";
			};
			name = Debug;
		};
		764BE71C243C70F200C76E42 /* Release */ = {
			isa = XCBuildConfiguration;
			buildSettings = {
				ALWAYS_SEARCH_USER_PATHS = NO;
				CLANG_ANALYZER_NONNULL = YES;
				CLANG_ANALYZER_NUMBER_OBJECT_CONVERSION = YES_AGGRESSIVE;
				CLANG_CXX_LANGUAGE_STANDARD = "gnu++14";
				CLANG_CXX_LIBRARY = "libc++";
				CLANG_ENABLE_MODULES = YES;
				CLANG_ENABLE_OBJC_ARC = YES;
				CLANG_ENABLE_OBJC_WEAK = YES;
				CLANG_WARN_BLOCK_CAPTURE_AUTORELEASING = YES;
				CLANG_WARN_BOOL_CONVERSION = YES;
				CLANG_WARN_COMMA = YES;
				CLANG_WARN_CONSTANT_CONVERSION = YES;
				CLANG_WARN_DEPRECATED_OBJC_IMPLEMENTATIONS = YES;
				CLANG_WARN_DIRECT_OBJC_ISA_USAGE = YES_ERROR;
				CLANG_WARN_DOCUMENTATION_COMMENTS = YES;
				CLANG_WARN_EMPTY_BODY = YES;
				CLANG_WARN_ENUM_CONVERSION = YES;
				CLANG_WARN_INFINITE_RECURSION = YES;
				CLANG_WARN_INT_CONVERSION = YES;
				CLANG_WARN_NON_LITERAL_NULL_CONVERSION = YES;
				CLANG_WARN_OBJC_IMPLICIT_RETAIN_SELF = YES;
				CLANG_WARN_OBJC_LITERAL_CONVERSION = YES;
				CLANG_WARN_OBJC_ROOT_CLASS = YES_ERROR;
				CLANG_WARN_RANGE_LOOP_ANALYSIS = YES;
				CLANG_WARN_STRICT_PROTOTYPES = YES;
				CLANG_WARN_SUSPICIOUS_MOVE = YES;
				CLANG_WARN_UNGUARDED_AVAILABILITY = YES_AGGRESSIVE;
				CLANG_WARN_UNREACHABLE_CODE = YES;
				CLANG_WARN__DUPLICATE_METHOD_MATCH = YES;
				COPY_PHASE_STRIP = NO;
				DEBUG_INFORMATION_FORMAT = "dwarf-with-dsym";
				ENABLE_NS_ASSERTIONS = NO;
				ENABLE_STRICT_OBJC_MSGSEND = YES;
				GCC_C_LANGUAGE_STANDARD = gnu11;
				GCC_NO_COMMON_BLOCKS = YES;
				GCC_WARN_64_TO_32_BIT_CONVERSION = YES;
				GCC_WARN_ABOUT_RETURN_TYPE = YES_ERROR;
				GCC_WARN_UNDECLARED_SELECTOR = YES;
				GCC_WARN_UNINITIALIZED_AUTOS = YES_AGGRESSIVE;
				GCC_WARN_UNUSED_FUNCTION = YES;
				GCC_WARN_UNUSED_VARIABLE = YES;
				IPHONEOS_DEPLOYMENT_TARGET = 13.4;
				MTL_ENABLE_DEBUG_INFO = NO;
				MTL_FAST_MATH = YES;
				SDKROOT = iphoneos;
				SWIFT_COMPILATION_MODE = wholemodule;
				SWIFT_OPTIMIZATION_LEVEL = "-O";
				VALIDATE_PRODUCT = YES;
			};
			name = Release;
		};
		764BE71E243C70F200C76E42 /* Debug */ = {
			isa = XCBuildConfiguration;
			buildSettings = {
				ASSETCATALOG_COMPILER_APPICON_NAME = AppIcon;
				CODE_SIGN_STYLE = Automatic;
				DEVELOPMENT_TEAM = 9S35VBU7T4;
				INFOPLIST_FILE = Zensei/Info.plist;
				LD_RUNPATH_SEARCH_PATHS = (
					"$(inherited)",
					"@executable_path/Frameworks",
				);
				PRODUCT_BUNDLE_IDENTIFIER = com.appledev.Zensei;
				PRODUCT_NAME = "$(TARGET_NAME)";
				SWIFT_VERSION = 5.0;
				TARGETED_DEVICE_FAMILY = "1,2";
			};
			name = Debug;
		};
		764BE71F243C70F200C76E42 /* Release */ = {
			isa = XCBuildConfiguration;
			buildSettings = {
				ASSETCATALOG_COMPILER_APPICON_NAME = AppIcon;
				CODE_SIGN_STYLE = Automatic;
				DEVELOPMENT_TEAM = 9S35VBU7T4;
				INFOPLIST_FILE = Zensei/Info.plist;
				LD_RUNPATH_SEARCH_PATHS = (
					"$(inherited)",
					"@executable_path/Frameworks",
				);
				PRODUCT_BUNDLE_IDENTIFIER = com.appledev.Zensei;
				PRODUCT_NAME = "$(TARGET_NAME)";
				SWIFT_VERSION = 5.0;
				TARGETED_DEVICE_FAMILY = "1,2";
			};
			name = Release;
		};
/* End XCBuildConfiguration section */

/* Begin XCConfigurationList section */
		764BE701243C70F000C76E42 /* Build configuration list for PBXProject "Zensei" */ = {
			isa = XCConfigurationList;
			buildConfigurations = (
				764BE71B243C70F200C76E42 /* Debug */,
				764BE71C243C70F200C76E42 /* Release */,
			);
			defaultConfigurationIsVisible = 0;
			defaultConfigurationName = Release;
		};
		764BE71D243C70F200C76E42 /* Build configuration list for PBXNativeTarget "Zensei" */ = {
			isa = XCConfigurationList;
			buildConfigurations = (
				764BE71E243C70F200C76E42 /* Debug */,
				764BE71F243C70F200C76E42 /* Release */,
			);
			defaultConfigurationIsVisible = 0;
			defaultConfigurationName = Release;
		};
/* End XCConfigurationList section */

/* Begin XCVersionGroup section */
		764BE712243C70F100C76E42 /* Zensei.xcdatamodeld */ = {
			isa = XCVersionGroup;
			children = (
				764BE713243C70F100C76E42 /* Zensei.xcdatamodel */,
			);
			currentVersion = 764BE713243C70F100C76E42 /* Zensei.xcdatamodel */;
			path = Zensei.xcdatamodeld;
			sourceTree = "<group>";
			versionGroupType = wrapper.xcdatamodel;
		};
/* End XCVersionGroup section */
	};
	rootObject = 764BE6FE243C70F000C76E42 /* Project object */;
}
